
Microsoft Visual Studio Solution File, Format Version 12.00
Project("{2150E333-8FDC-42A3-9474-1A3956D46DE8}") = "src", "src", "{687D2D34-039B-4682-BD2A-B92865F07B10}"
EndProject
Project("{2150E333-8FDC-42A3-9474-1A3956D46DE8}") = "Backend", "Backend", "{F93DDCEC-7E37-4707-885D-6378AFFD4FD7}"
EndProject
Project("{2150E333-8FDC-42A3-9474-1A3956D46DE8}") = "Tests", "Tests", "{9291084E-4B2B-4E44-B0A9-17E44EB4C5A1}"
EndProject
Project("{2150E333-8FDC-42A3-9474-1A3956D46DE8}") = "Shared", "Shared", "{2ECBA801-A5FF-4AF1-9005-1AAE272BE561}"
EndProject
Project("{FAE04EC0-301F-11D3-BF4B-00C04F79EFBC}") = "AMS_News.API", "src\Backend\AMS_News.API\AMS_News.API.csproj", "{19E5BD4E-1201-414A-9321-27A57B603E15}"
EndProject
Project("{FAE04EC0-301F-11D3-BF4B-00C04F79EFBC}") = "AMS_News.Application", "src\Backend\AMS_News.Application\AMS_News.Application.csproj", "{09D23501-704B-4A7E-83C1-D28C1CAD465D}"
EndProject
Project("{FAE04EC0-301F-11D3-BF4B-00C04F79EFBC}") = "AMS_News.Infraestructure", "src\Backend\AMS_News.Infraestructure\AMS_News.Infraestructure.csproj", "{90A780B1-47EC-42D5-AEB2-B3A2A1E9583C}"
EndProject
Project("{FAE04EC0-301F-11D3-BF4B-00C04F79EFBC}") = "AMS_News.Domain", "src\Backend\AMS_News.Domain\AMS_News.Domain.csproj", "{534032C2-8C63-4B54-B750-A6B5EF364296}"
EndProject
Project("{FAE04EC0-301F-11D3-BF4B-00C04F79EFBC}") = "AMS_News.IOC", "src\Backend\AMS_News.IOC\AMS_News.IOC.csproj", "{6B72862C-84B7-4BFC-84D6-EAE099FE1397}"
EndProject
Project("{FAE04EC0-301F-11D3-BF4B-00C04F79EFBC}") = "AMS_News.Communication", "src\Shared\AMS_News.Communication\AMS_News.Communication.csproj", "{8932CAE9-BD50-42E3-8BBF-E594B137D715}"
EndProject
Project("{FAE04EC0-301F-11D3-BF4B-00C04F79EFBC}") = "AMS_News.Exceptions", "src\Shared\AMS_News.Exceptions\AMS_News.Exceptions.csproj", "{34FEEF04-E989-4837-94E6-497D521C1601}"
EndProject
Project("{FAE04EC0-301F-11D3-BF4B-00C04F79EFBC}") = "Validators.Test", "Tests\Validators.Test\Validators.Test.csproj", "{85A1635A-FFB3-43C5-AA1D-FAEF9944F763}"
EndProject
Project("{FAE04EC0-301F-11D3-BF4B-00C04F79EFBC}") = "CommunUtilities", "Tests\CommunUtilities\CommunUtilities.csproj", "{50CA3944-3DD5-4F27-A0E7-D909487717FD}"
EndProject
Global
	GlobalSection(SolutionConfigurationPlatforms) = preSolution
		Debug|Any CPU = Debug|Any CPU
		Release|Any CPU = Release|Any CPU
	EndGlobalSection
	GlobalSection(ProjectConfigurationPlatforms) = postSolution
		{19E5BD4E-1201-414A-9321-27A57B603E15}.Debug|Any CPU.ActiveCfg = Debug|Any CPU
		{19E5BD4E-1201-414A-9321-27A57B603E15}.Debug|Any CPU.Build.0 = Debug|Any CPU
		{19E5BD4E-1201-414A-9321-27A57B603E15}.Release|Any CPU.ActiveCfg = Release|Any CPU
		{19E5BD4E-1201-414A-9321-27A57B603E15}.Release|Any CPU.Build.0 = Release|Any CPU
		{09D23501-704B-4A7E-83C1-D28C1CAD465D}.Debug|Any CPU.ActiveCfg = Debug|Any CPU
		{09D23501-704B-4A7E-83C1-D28C1CAD465D}.Debug|Any CPU.Build.0 = Debug|Any CPU
		{09D23501-704B-4A7E-83C1-D28C1CAD465D}.Release|Any CPU.ActiveCfg = Release|Any CPU
		{09D23501-704B-4A7E-83C1-D28C1CAD465D}.Release|Any CPU.Build.0 = Release|Any CPU
		{90A780B1-47EC-42D5-AEB2-B3A2A1E9583C}.Debug|Any CPU.ActiveCfg = Debug|Any CPU
		{90A780B1-47EC-42D5-AEB2-B3A2A1E9583C}.Debug|Any CPU.Build.0 = Debug|Any CPU
		{90A780B1-47EC-42D5-AEB2-B3A2A1E9583C}.Release|Any CPU.ActiveCfg = Release|Any CPU
		{90A780B1-47EC-42D5-AEB2-B3A2A1E9583C}.Release|Any CPU.Build.0 = Release|Any CPU
		{534032C2-8C63-4B54-B750-A6B5EF364296}.Debug|Any CPU.ActiveCfg = Debug|Any CPU
		{534032C2-8C63-4B54-B750-A6B5EF364296}.Debug|Any CPU.Build.0 = Debug|Any CPU
		{534032C2-8C63-4B54-B750-A6B5EF364296}.Release|Any CPU.ActiveCfg = Release|Any CPU
		{534032C2-8C63-4B54-B750-A6B5EF364296}.Release|Any CPU.Build.0 = Release|Any CPU
		{6B72862C-84B7-4BFC-84D6-EAE099FE1397}.Debug|Any CPU.ActiveCfg = Debug|Any CPU
		{6B72862C-84B7-4BFC-84D6-EAE099FE1397}.Debug|Any CPU.Build.0 = Debug|Any CPU
		{6B72862C-84B7-4BFC-84D6-EAE099FE1397}.Release|Any CPU.ActiveCfg = Release|Any CPU
		{6B72862C-84B7-4BFC-84D6-EAE099FE1397}.Release|Any CPU.Build.0 = Release|Any CPU
		{8932CAE9-BD50-42E3-8BBF-E594B137D715}.Debug|Any CPU.ActiveCfg = Debug|Any CPU
		{8932CAE9-BD50-42E3-8BBF-E594B137D715}.Debug|Any CPU.Build.0 = Debug|Any CPU
		{8932CAE9-BD50-42E3-8BBF-E594B137D715}.Release|Any CPU.ActiveCfg = Release|Any CPU
		{8932CAE9-BD50-42E3-8BBF-E594B137D715}.Release|Any CPU.Build.0 = Release|Any CPU
		{34FEEF04-E989-4837-94E6-497D521C1601}.Debug|Any CPU.ActiveCfg = Debug|Any CPU
		{34FEEF04-E989-4837-94E6-497D521C1601}.Debug|Any CPU.Build.0 = Debug|Any CPU
		{34FEEF04-E989-4837-94E6-497D521C1601}.Release|Any CPU.ActiveCfg = Release|Any CPU
		{34FEEF04-E989-4837-94E6-497D521C1601}.Release|Any CPU.Build.0 = Release|Any CPU
		{85A1635A-FFB3-43C5-AA1D-FAEF9944F763}.Debug|Any CPU.ActiveCfg = Debug|Any CPU
		{85A1635A-FFB3-43C5-AA1D-FAEF9944F763}.Debug|Any CPU.Build.0 = Debug|Any CPU
		{85A1635A-FFB3-43C5-AA1D-FAEF9944F763}.Release|Any CPU.ActiveCfg = Release|Any CPU
		{85A1635A-FFB3-43C5-AA1D-FAEF9944F763}.Release|Any CPU.Build.0 = Release|Any CPU
		{50CA3944-3DD5-4F27-A0E7-D909487717FD}.Debug|Any CPU.ActiveCfg = Debug|Any CPU
		{50CA3944-3DD5-4F27-A0E7-D909487717FD}.Debug|Any CPU.Build.0 = Debug|Any CPU
		{50CA3944-3DD5-4F27-A0E7-D909487717FD}.Release|Any CPU.ActiveCfg = Release|Any CPU
		{50CA3944-3DD5-4F27-A0E7-D909487717FD}.Release|Any CPU.Build.0 = Release|Any CPU
	EndGlobalSection
	GlobalSection(NestedProjects) = preSolution
		{F93DDCEC-7E37-4707-885D-6378AFFD4FD7} = {687D2D34-039B-4682-BD2A-B92865F07B10}
		{2ECBA801-A5FF-4AF1-9005-1AAE272BE561} = {687D2D34-039B-4682-BD2A-B92865F07B10}
		{19E5BD4E-1201-414A-9321-27A57B603E15} = {F93DDCEC-7E37-4707-885D-6378AFFD4FD7}
		{09D23501-704B-4A7E-83C1-D28C1CAD465D} = {F93DDCEC-7E37-4707-885D-6378AFFD4FD7}
		{90A780B1-47EC-42D5-AEB2-B3A2A1E9583C} = {F93DDCEC-7E37-4707-885D-6378AFFD4FD7}
		{534032C2-8C63-4B54-B750-A6B5EF364296} = {F93DDCEC-7E37-4707-885D-6378AFFD4FD7}
		{6B72862C-84B7-4BFC-84D6-EAE099FE1397} = {F93DDCEC-7E37-4707-885D-6378AFFD4FD7}
		{8932CAE9-BD50-42E3-8BBF-E594B137D715} = {2ECBA801-A5FF-4AF1-9005-1AAE272BE561}
		{34FEEF04-E989-4837-94E6-497D521C1601} = {2ECBA801-A5FF-4AF1-9005-1AAE272BE561}
		{85A1635A-FFB3-43C5-AA1D-FAEF9944F763} = {9291084E-4B2B-4E44-B0A9-17E44EB4C5A1}
		{50CA3944-3DD5-4F27-A0E7-D909487717FD} = {9291084E-4B2B-4E44-B0A9-17E44EB4C5A1}
	EndGlobalSection
EndGlobal
